
Microsoft Visual Studio Solution File, Format Version 12.00
# Visual Studio Version 16
VisualStudioVersion = 16.0.31005.135
MinimumVisualStudioVersion = 10.0.40219.1
Project("{FAE04EC0-301F-11D3-BF4B-00C04F79EFBC}") = "Registre_27", "Registre_27\Registre_27.csproj", "{69DCB8D6-2CA9-4E7C-98BD-0E45F8C688BA}"
EndProject
Global
	GlobalSection(SolutionConfigurationPlatforms) = preSolution
		Debug|Any CPU = Debug|Any CPU
		Release|Any CPU = Release|Any CPU
	EndGlobalSection
	GlobalSection(ProjectConfigurationPlatforms) = postSolution
		{69DCB8D6-2CA9-4E7C-98BD-0E45F8C688BA}.Debug|Any CPU.ActiveCfg = Debug|Any CPU
		{69DCB8D6-2CA9-4E7C-98BD-0E45F8C688BA}.Debug|Any CPU.Build.0 = Debug|Any CPU
		{69DCB8D6-2CA9-4E7C-98BD-0E45F8C688BA}.Release|Any CPU.ActiveCfg = Release|Any CPU
		{69DCB8D6-2CA9-4E7C-98BD-0E45F8C688BA}.Release|Any CPU.Build.0 = Release|Any CPU
	EndGlobalSection
	GlobalSection(SolutionProperties) = preSolution
		HideSolutionNode = FALSE
	EndGlobalSection
	GlobalSection(ExtensibilityGlobals) = postSolution
		SolutionGuid = {3F6B63D3-8A4F-41E4-8331-F8BB37124342}
	EndGlobalSection
EndGlobal
